
Microsoft Visual Studio Solution File, Format Version 12.00
# Visual Studio Version 16
VisualStudioVersion = 16.0.28621.142
MinimumVisualStudioVersion = 10.0.40219.1
Project("{FAE04EC0-301F-11D3-BF4B-00C04F79EFBC}") = "ImageProcess", "ImageProcess\ImageProcess.csproj", "{486645FC-EC1A-4C05-A3F7-08A640C50CD9}"
EndProject
Project("{FAE04EC0-301F-11D3-BF4B-00C04F79EFBC}") = "CVImageLib", "CVImageLib\CVImageLib.csproj", "{75A4D6F2-D397-4BF5-BA89-992E101D78F5}"
EndProject
Project("{FAE04EC0-301F-11D3-BF4B-00C04F79EFBC}") = "PointAngleCS", "PointAngleCS\PointAngleCS.csproj", "{18777000-4DD6-4D24-B91E-0C4AC737643B}"
EndProject
Project("{FAE04EC0-301F-11D3-BF4B-00C04F79EFBC}") = "ImageProcessColorful", "ImageProcessColorful\ImageProcessColorful.csproj", "{6BAB38F9-C403-4982-A0B3-F22BBF002C08}"
EndProject
Project("{FAE04EC0-301F-11D3-BF4B-00C04F79EFBC}") = "ImageProcessWithCenter", "ImageProcessWithCenter\ImageProcessWithCenter.csproj", "{486645FC-EC1A-4C05-B4F7-08A640C50CD9}"
EndProject
Project("{FAE04EC0-301F-11D3-BF4B-00C04F79EFBC}") = "ImageProcessExploit", "ImageProcessExploit\ImageProcessExploit.csproj", "{486645FC-EC1A-4C05-ECC5-08A640C50CD9}"
EndProject
Project("{FAE04EC0-301F-11D3-BF4B-00C04F79EFBC}") = "PointAngleCSExploit", "PointAngleCSExploit\PointAngleCSExploit.csproj", "{18777000-4DD6-4D24-C92E-0C4AC737643B}"
EndProject
Global
	GlobalSection(SolutionConfigurationPlatforms) = preSolution
		Debug|Any CPU = Debug|Any CPU
		Debug|x64 = Debug|x64
		Debug|x86 = Debug|x86
		Release|Any CPU = Release|Any CPU
		Release|x64 = Release|x64
		Release|x86 = Release|x86
	EndGlobalSection
	GlobalSection(ProjectConfigurationPlatforms) = postSolution
		{486645FC-EC1A-4C05-A3F7-08A640C50CD9}.Debug|Any CPU.ActiveCfg = Debug|Any CPU
		{486645FC-EC1A-4C05-A3F7-08A640C50CD9}.Debug|Any CPU.Build.0 = Debug|Any CPU
		{486645FC-EC1A-4C05-A3F7-08A640C50CD9}.Debug|x64.ActiveCfg = Debug|x64
		{486645FC-EC1A-4C05-A3F7-08A640C50CD9}.Debug|x64.Build.0 = Debug|x64
		{486645FC-EC1A-4C05-A3F7-08A640C50CD9}.Debug|x86.ActiveCfg = Debug|x86
		{486645FC-EC1A-4C05-A3F7-08A640C50CD9}.Debug|x86.Build.0 = Debug|x86
		{486645FC-EC1A-4C05-A3F7-08A640C50CD9}.Release|Any CPU.ActiveCfg = Release|Any CPU
		{486645FC-EC1A-4C05-A3F7-08A640C50CD9}.Release|Any CPU.Build.0 = Release|Any CPU
		{486645FC-EC1A-4C05-A3F7-08A640C50CD9}.Release|x64.ActiveCfg = Release|x64
		{486645FC-EC1A-4C05-A3F7-08A640C50CD9}.Release|x64.Build.0 = Release|x64
		{486645FC-EC1A-4C05-A3F7-08A640C50CD9}.Release|x86.ActiveCfg = Release|x86
		{486645FC-EC1A-4C05-A3F7-08A640C50CD9}.Release|x86.Build.0 = Release|x86
		{75A4D6F2-D397-4BF5-BA89-992E101D78F5}.Debug|Any CPU.ActiveCfg = Debug|Any CPU
		{75A4D6F2-D397-4BF5-BA89-992E101D78F5}.Debug|Any CPU.Build.0 = Debug|Any CPU
		{75A4D6F2-D397-4BF5-BA89-992E101D78F5}.Debug|x64.ActiveCfg = Debug|x64
		{75A4D6F2-D397-4BF5-BA89-992E101D78F5}.Debug|x64.Build.0 = Debug|x64
		{75A4D6F2-D397-4BF5-BA89-992E101D78F5}.Debug|x86.ActiveCfg = Debug|x86
		{75A4D6F2-D397-4BF5-BA89-992E101D78F5}.Debug|x86.Build.0 = Debug|x86
		{75A4D6F2-D397-4BF5-BA89-992E101D78F5}.Release|Any CPU.ActiveCfg = Release|Any CPU
		{75A4D6F2-D397-4BF5-BA89-992E101D78F5}.Release|Any CPU.Build.0 = Release|Any CPU
		{75A4D6F2-D397-4BF5-BA89-992E101D78F5}.Release|x64.ActiveCfg = Release|x64
		{75A4D6F2-D397-4BF5-BA89-992E101D78F5}.Release|x64.Build.0 = Release|x64
		{75A4D6F2-D397-4BF5-BA89-992E101D78F5}.Release|x86.ActiveCfg = Release|x86
		{75A4D6F2-D397-4BF5-BA89-992E101D78F5}.Release|x86.Build.0 = Release|x86
		{18777000-4DD6-4D24-B91E-0C4AC737643B}.Debug|Any CPU.ActiveCfg = Debug|Any CPU
		{18777000-4DD6-4D24-B91E-0C4AC737643B}.Debug|Any CPU.Build.0 = Debug|Any CPU
		{18777000-4DD6-4D24-B91E-0C4AC737643B}.Debug|x64.ActiveCfg = Debug|x64
		{18777000-4DD6-4D24-B91E-0C4AC737643B}.Debug|x64.Build.0 = Debug|x64
		{18777000-4DD6-4D24-B91E-0C4AC737643B}.Debug|x86.ActiveCfg = Debug|Any CPU
		{18777000-4DD6-4D24-B91E-0C4AC737643B}.Debug|x86.Build.0 = Debug|Any CPU
		{18777000-4DD6-4D24-B91E-0C4AC737643B}.Release|Any CPU.ActiveCfg = Release|Any CPU
		{18777000-4DD6-4D24-B91E-0C4AC737643B}.Release|Any CPU.Build.0 = Release|Any CPU
		{18777000-4DD6-4D24-B91E-0C4AC737643B}.Release|x64.ActiveCfg = Release|x64
		{18777000-4DD6-4D24-B91E-0C4AC737643B}.Release|x64.Build.0 = Release|x64
		{18777000-4DD6-4D24-B91E-0C4AC737643B}.Release|x86.ActiveCfg = Release|Any CPU
		{18777000-4DD6-4D24-B91E-0C4AC737643B}.Release|x86.Build.0 = Release|Any CPU
		{6BAB38F9-C403-4982-A0B3-F22BBF002C08}.Debug|Any CPU.ActiveCfg = Debug|Any CPU
		{6BAB38F9-C403-4982-A0B3-F22BBF002C08}.Debug|Any CPU.Build.0 = Debug|Any CPU
		{6BAB38F9-C403-4982-A0B3-F22BBF002C08}.Debug|x64.ActiveCfg = Debug|x64
		{6BAB38F9-C403-4982-A0B3-F22BBF002C08}.Debug|x64.Build.0 = Debug|x64
		{6BAB38F9-C403-4982-A0B3-F22BBF002C08}.Debug|x86.ActiveCfg = Debug|x86
		{6BAB38F9-C403-4982-A0B3-F22BBF002C08}.Debug|x86.Build.0 = Debug|x86
		{6BAB38F9-C403-4982-A0B3-F22BBF002C08}.Release|Any CPU.ActiveCfg = Release|Any CPU
		{6BAB38F9-C403-4982-A0B3-F22BBF002C08}.Release|Any CPU.Build.0 = Release|Any CPU
		{6BAB38F9-C403-4982-A0B3-F22BBF002C08}.Release|x64.ActiveCfg = Release|x64
		{6BAB38F9-C403-4982-A0B3-F22BBF002C08}.Release|x64.Build.0 = Release|x64
		{6BAB38F9-C403-4982-A0B3-F22BBF002C08}.Release|x86.ActiveCfg = Release|x86
		{6BAB38F9-C403-4982-A0B3-F22BBF002C08}.Release|x86.Build.0 = Release|x86
		{486645FC-EC1A-4C05-B4F7-08A640C50CD9}.Debug|Any CPU.ActiveCfg = Debug|Any CPU
		{486645FC-EC1A-4C05-B4F7-08A640C50CD9}.Debug|Any CPU.Build.0 = Debug|Any CPU
		{486645FC-EC1A-4C05-B4F7-08A640C50CD9}.Debug|x64.ActiveCfg = Debug|x64
		{486645FC-EC1A-4C05-B4F7-08A640C50CD9}.Debug|x64.Build.0 = Debug|x64
		{486645FC-EC1A-4C05-B4F7-08A640C50CD9}.Debug|x86.ActiveCfg = Debug|x86
		{486645FC-EC1A-4C05-B4F7-08A640C50CD9}.Debug|x86.Build.0 = Debug|x86
		{486645FC-EC1A-4C05-B4F7-08A640C50CD9}.Release|Any CPU.ActiveCfg = Release|Any CPU
		{486645FC-EC1A-4C05-B4F7-08A640C50CD9}.Release|Any CPU.Build.0 = Release|Any CPU
		{486645FC-EC1A-4C05-B4F7-08A640C50CD9}.Release|x64.ActiveCfg = Release|x64
		{486645FC-EC1A-4C05-B4F7-08A640C50CD9}.Release|x64.Build.0 = Release|x64
		{486645FC-EC1A-4C05-B4F7-08A640C50CD9}.Release|x86.ActiveCfg = Release|x86
		{486645FC-EC1A-4C05-B4F7-08A640C50CD9}.Release|x86.Build.0 = Release|x86
		{486645FC-EC1A-4C05-ECC5-08A640C50CD9}.Debug|Any CPU.ActiveCfg = Debug|Any CPU
		{486645FC-EC1A-4C05-ECC5-08A640C50CD9}.Debug|Any CPU.Build.0 = Debug|Any CPU
		{486645FC-EC1A-4C05-ECC5-08A640C50CD9}.Debug|x64.ActiveCfg = Debug|x64
		{486645FC-EC1A-4C05-ECC5-08A640C50CD9}.Debug|x64.Build.0 = Debug|x64
		{486645FC-EC1A-4C05-ECC5-08A640C50CD9}.Debug|x86.ActiveCfg = Debug|x86
		{486645FC-EC1A-4C05-ECC5-08A640C50CD9}.Debug|x86.Build.0 = Debug|x86
		{486645FC-EC1A-4C05-ECC5-08A640C50CD9}.Release|Any CPU.ActiveCfg = Release|Any CPU
		{486645FC-EC1A-4C05-ECC5-08A640C50CD9}.Release|Any CPU.Build.0 = Release|Any CPU
		{486645FC-EC1A-4C05-ECC5-08A640C50CD9}.Release|x64.ActiveCfg = Release|x64
		{486645FC-EC1A-4C05-ECC5-08A640C50CD9}.Release|x64.Build.0 = Release|x64
		{486645FC-EC1A-4C05-ECC5-08A640C50CD9}.Release|x86.ActiveCfg = Release|x86
		{486645FC-EC1A-4C05-ECC5-08A640C50CD9}.Release|x86.Build.0 = Release|x86
		{18777000-4DD6-4D24-C92E-0C4AC737643B}.Debug|Any CPU.ActiveCfg = Debug|Any CPU
		{18777000-4DD6-4D24-C92E-0C4AC737643B}.Debug|Any CPU.Build.0 = Debug|Any CPU
		{18777000-4DD6-4D24-C92E-0C4AC737643B}.Debug|x64.ActiveCfg = Debug|x64
		{18777000-4DD6-4D24-C92E-0C4AC737643B}.Debug|x64.Build.0 = Debug|x64
		{18777000-4DD6-4D24-C92E-0C4AC737643B}.Debug|x86.ActiveCfg = Debug|Any CPU
		{18777000-4DD6-4D24-C92E-0C4AC737643B}.Debug|x86.Build.0 = Debug|Any CPU
		{18777000-4DD6-4D24-C92E-0C4AC737643B}.Release|Any CPU.ActiveCfg = Release|Any CPU
		{18777000-4DD6-4D24-C92E-0C4AC737643B}.Release|Any CPU.Build.0 = Release|Any CPU
		{18777000-4DD6-4D24-C92E-0C4AC737643B}.Release|x64.ActiveCfg = Release|x64
		{18777000-4DD6-4D24-C92E-0C4AC737643B}.Release|x64.Build.0 = Release|x64
		{18777000-4DD6-4D24-C92E-0C4AC737643B}.Release|x86.ActiveCfg = Release|Any CPU
		{18777000-4DD6-4D24-C92E-0C4AC737643B}.Release|x86.Build.0 = Release|Any CPU
	EndGlobalSection
	GlobalSection(SolutionProperties) = preSolution
		HideSolutionNode = FALSE
	EndGlobalSection
	GlobalSection(ExtensibilityGlobals) = postSolution
		SolutionGuid = {9B4ABCA2-ADAB-4ED7-B237-97FF406B84CE}
	EndGlobalSection
EndGlobal
